
Microsoft Visual Studio Solution File, Format Version 12.00
# Visual Studio 15
VisualStudioVersion = 15.0.27703.2018
MinimumVisualStudioVersion = 10.0.40219.1
Project("{FAE04EC0-301F-11D3-BF4B-00C04F79EFBC}") = "EmailAdressBook", "EmailAdressBook\EmailAdressBook.csproj", "{BF232A31-279C-47C6-9AFE-E2F7CC13DA79}"
EndProject
Global
	GlobalSection(SolutionConfigurationPlatforms) = preSolution
		Debug|Any CPU = Debug|Any CPU
		Release|Any CPU = Release|Any CPU
	EndGlobalSection
	GlobalSection(ProjectConfigurationPlatforms) = postSolution
		{BF232A31-279C-47C6-9AFE-E2F7CC13DA79}.Debug|Any CPU.ActiveCfg = Debug|Any CPU
		{BF232A31-279C-47C6-9AFE-E2F7CC13DA79}.Debug|Any CPU.Build.0 = Debug|Any CPU
		{BF232A31-279C-47C6-9AFE-E2F7CC13DA79}.Release|Any CPU.ActiveCfg = Release|Any CPU
		{BF232A31-279C-47C6-9AFE-E2F7CC13DA79}.Release|Any CPU.Build.0 = Release|Any CPU
	EndGlobalSection
	GlobalSection(SolutionProperties) = preSolution
		HideSolutionNode = FALSE
	EndGlobalSection
	GlobalSection(ExtensibilityGlobals) = postSolution
		SolutionGuid = {D5498CE3-B6E4-4021-8559-E40A24FB31DD}
	EndGlobalSection
EndGlobal
